
Microsoft Visual Studio Solution File, Format Version 12.00
# Visual Studio 14
VisualStudioVersion = 14.0.25420.1
MinimumVisualStudioVersion = 10.0.40219.1
Project("{FAE04EC0-301F-11D3-BF4B-00C04F79EFBC}") = "CarInventory", "CarInventory\CarInventory.csproj", "{140778D6-73ED-45F9-A476-76AA9EE8E9F7}"
EndProject
Project("{2150E333-8FDC-42A3-9474-1A3956D46DE8}") = "Business", "Business", "{A71783F9-F789-4D7E-8FD6-878C9C6907AC}"
EndProject
Project("{2150E333-8FDC-42A3-9474-1A3956D46DE8}") = "Infrastructure", "Infrastructure", "{3626D7BB-CBEB-411A-8664-2D784A202030}"
EndProject
Project("{2150E333-8FDC-42A3-9474-1A3956D46DE8}") = "Presentation", "Presentation", "{693A798C-3E13-4ADD-9845-4472D7BF80E4}"
EndProject
Project("{FAE04EC0-301F-11D3-BF4B-00C04F79EFBC}") = "CarInventory.Dto", "CarInventory.Dto\CarInventory.Dto.csproj", "{E1FF0260-8CC8-473F-B305-57AA0381DB9F}"
EndProject
Project("{FAE04EC0-301F-11D3-BF4B-00C04F79EFBC}") = "CarInventory.Logging", "CarInventory.Logging\CarInventory.Logging.csproj", "{48EE20E3-B279-4B83-89DF-1AC1BE90151A}"
EndProject
Project("{FAE04EC0-301F-11D3-BF4B-00C04F79EFBC}") = "CarInventory.Data", "CarInventory.Data\CarInventory.Data.csproj", "{568F5A8F-2BCD-437C-9210-DF05A9AF50A1}"
EndProject
Project("{FAE04EC0-301F-11D3-BF4B-00C04F79EFBC}") = "CarInventory.Core", "CarInventory.Core\CarInventory.Core.csproj", "{1691928E-1E2D-48E5-ABBF-65707B16B09A}"
EndProject
Project("{FAE04EC0-301F-11D3-BF4B-00C04F79EFBC}") = "CarInventory.Services", "CarInventory.Services\CarInventory.Services.csproj", "{BDD9D4D0-ADE5-43CD-B4AE-07F335EC8DD7}"
EndProject
Global
	GlobalSection(SolutionConfigurationPlatforms) = preSolution
		Debug|Any CPU = Debug|Any CPU
		Release|Any CPU = Release|Any CPU
	EndGlobalSection
	GlobalSection(ProjectConfigurationPlatforms) = postSolution
		{140778D6-73ED-45F9-A476-76AA9EE8E9F7}.Debug|Any CPU.ActiveCfg = Debug|Any CPU
		{140778D6-73ED-45F9-A476-76AA9EE8E9F7}.Debug|Any CPU.Build.0 = Debug|Any CPU
		{140778D6-73ED-45F9-A476-76AA9EE8E9F7}.Release|Any CPU.ActiveCfg = Release|Any CPU
		{140778D6-73ED-45F9-A476-76AA9EE8E9F7}.Release|Any CPU.Build.0 = Release|Any CPU
		{E1FF0260-8CC8-473F-B305-57AA0381DB9F}.Debug|Any CPU.ActiveCfg = Debug|Any CPU
		{E1FF0260-8CC8-473F-B305-57AA0381DB9F}.Debug|Any CPU.Build.0 = Debug|Any CPU
		{E1FF0260-8CC8-473F-B305-57AA0381DB9F}.Release|Any CPU.ActiveCfg = Release|Any CPU
		{E1FF0260-8CC8-473F-B305-57AA0381DB9F}.Release|Any CPU.Build.0 = Release|Any CPU
		{48EE20E3-B279-4B83-89DF-1AC1BE90151A}.Debug|Any CPU.ActiveCfg = Debug|Any CPU
		{48EE20E3-B279-4B83-89DF-1AC1BE90151A}.Debug|Any CPU.Build.0 = Debug|Any CPU
		{48EE20E3-B279-4B83-89DF-1AC1BE90151A}.Release|Any CPU.ActiveCfg = Release|Any CPU
		{48EE20E3-B279-4B83-89DF-1AC1BE90151A}.Release|Any CPU.Build.0 = Release|Any CPU
		{568F5A8F-2BCD-437C-9210-DF05A9AF50A1}.Debug|Any CPU.ActiveCfg = Debug|Any CPU
		{568F5A8F-2BCD-437C-9210-DF05A9AF50A1}.Debug|Any CPU.Build.0 = Debug|Any CPU
		{568F5A8F-2BCD-437C-9210-DF05A9AF50A1}.Release|Any CPU.ActiveCfg = Release|Any CPU
		{568F5A8F-2BCD-437C-9210-DF05A9AF50A1}.Release|Any CPU.Build.0 = Release|Any CPU
		{1691928E-1E2D-48E5-ABBF-65707B16B09A}.Debug|Any CPU.ActiveCfg = Debug|Any CPU
		{1691928E-1E2D-48E5-ABBF-65707B16B09A}.Debug|Any CPU.Build.0 = Debug|Any CPU
		{1691928E-1E2D-48E5-ABBF-65707B16B09A}.Release|Any CPU.ActiveCfg = Release|Any CPU
		{1691928E-1E2D-48E5-ABBF-65707B16B09A}.Release|Any CPU.Build.0 = Release|Any CPU
		{BDD9D4D0-ADE5-43CD-B4AE-07F335EC8DD7}.Debug|Any CPU.ActiveCfg = Debug|Any CPU
		{BDD9D4D0-ADE5-43CD-B4AE-07F335EC8DD7}.Debug|Any CPU.Build.0 = Debug|Any CPU
		{BDD9D4D0-ADE5-43CD-B4AE-07F335EC8DD7}.Release|Any CPU.ActiveCfg = Release|Any CPU
		{BDD9D4D0-ADE5-43CD-B4AE-07F335EC8DD7}.Release|Any CPU.Build.0 = Release|Any CPU
	EndGlobalSection
	GlobalSection(SolutionProperties) = preSolution
		HideSolutionNode = FALSE
	EndGlobalSection
	GlobalSection(NestedProjects) = preSolution
		{140778D6-73ED-45F9-A476-76AA9EE8E9F7} = {693A798C-3E13-4ADD-9845-4472D7BF80E4}
		{E1FF0260-8CC8-473F-B305-57AA0381DB9F} = {3626D7BB-CBEB-411A-8664-2D784A202030}
		{48EE20E3-B279-4B83-89DF-1AC1BE90151A} = {3626D7BB-CBEB-411A-8664-2D784A202030}
		{568F5A8F-2BCD-437C-9210-DF05A9AF50A1} = {3626D7BB-CBEB-411A-8664-2D784A202030}
		{1691928E-1E2D-48E5-ABBF-65707B16B09A} = {A71783F9-F789-4D7E-8FD6-878C9C6907AC}
		{BDD9D4D0-ADE5-43CD-B4AE-07F335EC8DD7} = {A71783F9-F789-4D7E-8FD6-878C9C6907AC}
	EndGlobalSection
EndGlobal
